
Microsoft Visual Studio Solution File, Format Version 12.00
# Visual Studio Version 16
VisualStudioVersion = 16.0.29318.209
MinimumVisualStudioVersion = 15.0.26124.0
Project("{2150E333-8FDC-42A3-9474-1A3956D46DE8}") = "1-UI", "1-UI", "{E5E9F238-6639-4A16-B077-4D285007076A}"
EndProject
Project("{2150E333-8FDC-42A3-9474-1A3956D46DE8}") = "2-API", "2-API", "{11EE415B-6497-4F3C-8627-946B39D2EB84}"
EndProject
Project("{2150E333-8FDC-42A3-9474-1A3956D46DE8}") = "3-Dominio", "3-Dominio", "{55BFC2F0-6EBA-43E1-A3C8-948C43149778}"
EndProject
Project("{2150E333-8FDC-42A3-9474-1A3956D46DE8}") = "4-Repositorio", "4-Repositorio", "{21B817F6-94ED-4BF5-A161-8AEB5DB31A10}"
EndProject
Project("{9A19103F-16F7-4668-BE54-9A1E7A4F7556}") = "AmigosApi", "DemoToken\AmigosApi.csproj", "{18E7D2F0-570A-4521-B921-0B651ECB4973}"
EndProject
Project("{9A19103F-16F7-4668-BE54-9A1E7A4F7556}") = "Amigos", "Amigos\Amigos.csproj", "{AFFACB16-920C-48C3-A76B-25CB1E9190AC}"
EndProject
Project("{FAE04EC0-301F-11D3-BF4B-00C04F79EFBC}") = "Amigos.Dominio", "Amigos.Dominio\Amigos.Dominio.csproj", "{A12D0AB5-98D0-4454-825D-5D85C3B732E4}"
EndProject
Project("{FAE04EC0-301F-11D3-BF4B-00C04F79EFBC}") = "Amigos.Repositorio", "Amigos.Repositorio\Amigos.Repositorio.csproj", "{EA2529A8-0646-4782-B161-C926F04CFD28}"
EndProject
Global
	GlobalSection(SolutionConfigurationPlatforms) = preSolution
		Debug|Any CPU = Debug|Any CPU
		Debug|x64 = Debug|x64
		Debug|x86 = Debug|x86
		Release|Any CPU = Release|Any CPU
		Release|x64 = Release|x64
		Release|x86 = Release|x86
	EndGlobalSection
	GlobalSection(ProjectConfigurationPlatforms) = postSolution
		{18E7D2F0-570A-4521-B921-0B651ECB4973}.Debug|Any CPU.ActiveCfg = Debug|Any CPU
		{18E7D2F0-570A-4521-B921-0B651ECB4973}.Debug|Any CPU.Build.0 = Debug|Any CPU
		{18E7D2F0-570A-4521-B921-0B651ECB4973}.Debug|x64.ActiveCfg = Debug|Any CPU
		{18E7D2F0-570A-4521-B921-0B651ECB4973}.Debug|x64.Build.0 = Debug|Any CPU
		{18E7D2F0-570A-4521-B921-0B651ECB4973}.Debug|x86.ActiveCfg = Debug|Any CPU
		{18E7D2F0-570A-4521-B921-0B651ECB4973}.Debug|x86.Build.0 = Debug|Any CPU
		{18E7D2F0-570A-4521-B921-0B651ECB4973}.Release|Any CPU.ActiveCfg = Release|Any CPU
		{18E7D2F0-570A-4521-B921-0B651ECB4973}.Release|Any CPU.Build.0 = Release|Any CPU
		{18E7D2F0-570A-4521-B921-0B651ECB4973}.Release|x64.ActiveCfg = Release|Any CPU
		{18E7D2F0-570A-4521-B921-0B651ECB4973}.Release|x64.Build.0 = Release|Any CPU
		{18E7D2F0-570A-4521-B921-0B651ECB4973}.Release|x86.ActiveCfg = Release|Any CPU
		{18E7D2F0-570A-4521-B921-0B651ECB4973}.Release|x86.Build.0 = Release|Any CPU
		{AFFACB16-920C-48C3-A76B-25CB1E9190AC}.Debug|Any CPU.ActiveCfg = Debug|Any CPU
		{AFFACB16-920C-48C3-A76B-25CB1E9190AC}.Debug|Any CPU.Build.0 = Debug|Any CPU
		{AFFACB16-920C-48C3-A76B-25CB1E9190AC}.Debug|x64.ActiveCfg = Debug|Any CPU
		{AFFACB16-920C-48C3-A76B-25CB1E9190AC}.Debug|x64.Build.0 = Debug|Any CPU
		{AFFACB16-920C-48C3-A76B-25CB1E9190AC}.Debug|x86.ActiveCfg = Debug|Any CPU
		{AFFACB16-920C-48C3-A76B-25CB1E9190AC}.Debug|x86.Build.0 = Debug|Any CPU
		{AFFACB16-920C-48C3-A76B-25CB1E9190AC}.Release|Any CPU.ActiveCfg = Release|Any CPU
		{AFFACB16-920C-48C3-A76B-25CB1E9190AC}.Release|Any CPU.Build.0 = Release|Any CPU
		{AFFACB16-920C-48C3-A76B-25CB1E9190AC}.Release|x64.ActiveCfg = Release|Any CPU
		{AFFACB16-920C-48C3-A76B-25CB1E9190AC}.Release|x64.Build.0 = Release|Any CPU
		{AFFACB16-920C-48C3-A76B-25CB1E9190AC}.Release|x86.ActiveCfg = Release|Any CPU
		{AFFACB16-920C-48C3-A76B-25CB1E9190AC}.Release|x86.Build.0 = Release|Any CPU
		{A12D0AB5-98D0-4454-825D-5D85C3B732E4}.Debug|Any CPU.ActiveCfg = Debug|Any CPU
		{A12D0AB5-98D0-4454-825D-5D85C3B732E4}.Debug|Any CPU.Build.0 = Debug|Any CPU
		{A12D0AB5-98D0-4454-825D-5D85C3B732E4}.Debug|x64.ActiveCfg = Debug|Any CPU
		{A12D0AB5-98D0-4454-825D-5D85C3B732E4}.Debug|x64.Build.0 = Debug|Any CPU
		{A12D0AB5-98D0-4454-825D-5D85C3B732E4}.Debug|x86.ActiveCfg = Debug|Any CPU
		{A12D0AB5-98D0-4454-825D-5D85C3B732E4}.Debug|x86.Build.0 = Debug|Any CPU
		{A12D0AB5-98D0-4454-825D-5D85C3B732E4}.Release|Any CPU.ActiveCfg = Release|Any CPU
		{A12D0AB5-98D0-4454-825D-5D85C3B732E4}.Release|Any CPU.Build.0 = Release|Any CPU
		{A12D0AB5-98D0-4454-825D-5D85C3B732E4}.Release|x64.ActiveCfg = Release|Any CPU
		{A12D0AB5-98D0-4454-825D-5D85C3B732E4}.Release|x64.Build.0 = Release|Any CPU
		{A12D0AB5-98D0-4454-825D-5D85C3B732E4}.Release|x86.ActiveCfg = Release|Any CPU
		{A12D0AB5-98D0-4454-825D-5D85C3B732E4}.Release|x86.Build.0 = Release|Any CPU
		{EA2529A8-0646-4782-B161-C926F04CFD28}.Debug|Any CPU.ActiveCfg = Debug|Any CPU
		{EA2529A8-0646-4782-B161-C926F04CFD28}.Debug|Any CPU.Build.0 = Debug|Any CPU
		{EA2529A8-0646-4782-B161-C926F04CFD28}.Debug|x64.ActiveCfg = Debug|Any CPU
		{EA2529A8-0646-4782-B161-C926F04CFD28}.Debug|x64.Build.0 = Debug|Any CPU
		{EA2529A8-0646-4782-B161-C926F04CFD28}.Debug|x86.ActiveCfg = Debug|Any CPU
		{EA2529A8-0646-4782-B161-C926F04CFD28}.Debug|x86.Build.0 = Debug|Any CPU
		{EA2529A8-0646-4782-B161-C926F04CFD28}.Release|Any CPU.ActiveCfg = Release|Any CPU
		{EA2529A8-0646-4782-B161-C926F04CFD28}.Release|Any CPU.Build.0 = Release|Any CPU
		{EA2529A8-0646-4782-B161-C926F04CFD28}.Release|x64.ActiveCfg = Release|Any CPU
		{EA2529A8-0646-4782-B161-C926F04CFD28}.Release|x64.Build.0 = Release|Any CPU
		{EA2529A8-0646-4782-B161-C926F04CFD28}.Release|x86.ActiveCfg = Release|Any CPU
		{EA2529A8-0646-4782-B161-C926F04CFD28}.Release|x86.Build.0 = Release|Any CPU
	EndGlobalSection
	GlobalSection(SolutionProperties) = preSolution
		HideSolutionNode = FALSE
	EndGlobalSection
	GlobalSection(NestedProjects) = preSolution
		{18E7D2F0-570A-4521-B921-0B651ECB4973} = {11EE415B-6497-4F3C-8627-946B39D2EB84}
		{AFFACB16-920C-48C3-A76B-25CB1E9190AC} = {E5E9F238-6639-4A16-B077-4D285007076A}
		{A12D0AB5-98D0-4454-825D-5D85C3B732E4} = {55BFC2F0-6EBA-43E1-A3C8-948C43149778}
		{EA2529A8-0646-4782-B161-C926F04CFD28} = {21B817F6-94ED-4BF5-A161-8AEB5DB31A10}
	EndGlobalSection
	GlobalSection(ExtensibilityGlobals) = postSolution
		SolutionGuid = {DCFB9FFA-E562-4479-AC2D-E72F0169CC73}
	EndGlobalSection
EndGlobal
